
Microsoft Visual Studio Solution File, Format Version 12.00
# Visual Studio Version 16
VisualStudioVersion = 16.0.31313.79
MinimumVisualStudioVersion = 10.0.40219.1
Project("{FAE04EC0-301F-11D3-BF4B-00C04F79EFBC}") = "GlitchTrace", "GlitchTrace\GlitchTrace.csproj", "{6E4C77DB-2A85-4540-9685-0538BE4E174A}"
EndProject
Global
	GlobalSection(SolutionConfigurationPlatforms) = preSolution
		Debug|Any CPU = Debug|Any CPU
		Release|Any CPU = Release|Any CPU
	EndGlobalSection
	GlobalSection(ProjectConfigurationPlatforms) = postSolution
		{6E4C77DB-2A85-4540-9685-0538BE4E174A}.Debug|Any CPU.ActiveCfg = Debug|Any CPU
		{6E4C77DB-2A85-4540-9685-0538BE4E174A}.Debug|Any CPU.Build.0 = Debug|Any CPU
		{6E4C77DB-2A85-4540-9685-0538BE4E174A}.Release|Any CPU.ActiveCfg = Release|Any CPU
		{6E4C77DB-2A85-4540-9685-0538BE4E174A}.Release|Any CPU.Build.0 = Release|Any CPU
	EndGlobalSection
	GlobalSection(SolutionProperties) = preSolution
		HideSolutionNode = FALSE
	EndGlobalSection
	GlobalSection(ExtensibilityGlobals) = postSolution
		SolutionGuid = {2135084F-61CC-4ACF-B47D-8FDA3B3571BD}
	EndGlobalSection
EndGlobal
